
Microsoft Visual Studio Solution File, Format Version 12.00
# Visual Studio Version 16
VisualStudioVersion = 16.0.31911.196
MinimumVisualStudioVersion = 10.0.40219.1
Project("{FAE04EC0-301F-11D3-BF4B-00C04F79EFBC}") = "CursoMatriculaMaterial", "CursoMatriculaMaterial.csproj", "{1C15259B-510B-4625-80CD-453E7A124365}"
EndProject
Global
	GlobalSection(SolutionConfigurationPlatforms) = preSolution
		Debug|Any CPU = Debug|Any CPU
		Release|Any CPU = Release|Any CPU
	EndGlobalSection
	GlobalSection(ProjectConfigurationPlatforms) = postSolution
		{1C15259B-510B-4625-80CD-453E7A124365}.Debug|Any CPU.ActiveCfg = Debug|Any CPU
		{1C15259B-510B-4625-80CD-453E7A124365}.Debug|Any CPU.Build.0 = Debug|Any CPU
		{1C15259B-510B-4625-80CD-453E7A124365}.Release|Any CPU.ActiveCfg = Release|Any CPU
		{1C15259B-510B-4625-80CD-453E7A124365}.Release|Any CPU.Build.0 = Release|Any CPU
	EndGlobalSection
	GlobalSection(SolutionProperties) = preSolution
		HideSolutionNode = FALSE
	EndGlobalSection
	GlobalSection(ExtensibilityGlobals) = postSolution
		SolutionGuid = {9E068743-70A9-4518-A253-A2FFADC0068D}
	EndGlobalSection
EndGlobal
